
Microsoft Visual Studio Solution File, Format Version 12.00
# Visual Studio Version 17
VisualStudioVersion = 17.9.34616.47
MinimumVisualStudioVersion = 10.0.40219.1
Project("{FAE04EC0-301F-11D3-BF4B-00C04F79EFBC}") = "ImageDownsizer", "ImageDownsizer\ImageDownsizer.csproj", "{B289D3B3-30FF-4FD1-A30F-676739B3D273}"
EndProject
Global
	GlobalSection(SolutionConfigurationPlatforms) = preSolution
		Debug|Any CPU = Debug|Any CPU
		Release|Any CPU = Release|Any CPU
	EndGlobalSection
	GlobalSection(ProjectConfigurationPlatforms) = postSolution
		{B289D3B3-30FF-4FD1-A30F-676739B3D273}.Debug|Any CPU.ActiveCfg = Debug|Any CPU
		{B289D3B3-30FF-4FD1-A30F-676739B3D273}.Debug|Any CPU.Build.0 = Debug|Any CPU
		{B289D3B3-30FF-4FD1-A30F-676739B3D273}.Release|Any CPU.ActiveCfg = Release|Any CPU
		{B289D3B3-30FF-4FD1-A30F-676739B3D273}.Release|Any CPU.Build.0 = Release|Any CPU
	EndGlobalSection
	GlobalSection(SolutionProperties) = preSolution
		HideSolutionNode = FALSE
	EndGlobalSection
	GlobalSection(ExtensibilityGlobals) = postSolution
		SolutionGuid = {5680ED43-4FC5-4BC3-A0B7-34DC9074A0FB}
	EndGlobalSection
EndGlobal
